
Microsoft Visual Studio Solution File, Format Version 12.00
# Visual Studio Version 17
VisualStudioVersion = 17.9.34723.18
MinimumVisualStudioVersion = 10.0.40219.1
Project("{FAE04EC0-301F-11D3-BF4B-00C04F79EFBC}") = "WebApiFacturas", "WebApiFacturas.csproj", "{58CCDAF7-AC5A-440D-A5DA-10937F4B1A0C}"
EndProject
Global
	GlobalSection(SolutionConfigurationPlatforms) = preSolution
		Debug|Any CPU = Debug|Any CPU
		Release|Any CPU = Release|Any CPU
	EndGlobalSection
	GlobalSection(ProjectConfigurationPlatforms) = postSolution
		{58CCDAF7-AC5A-440D-A5DA-10937F4B1A0C}.Debug|Any CPU.ActiveCfg = Debug|Any CPU
		{58CCDAF7-AC5A-440D-A5DA-10937F4B1A0C}.Debug|Any CPU.Build.0 = Debug|Any CPU
		{58CCDAF7-AC5A-440D-A5DA-10937F4B1A0C}.Release|Any CPU.ActiveCfg = Release|Any CPU
		{58CCDAF7-AC5A-440D-A5DA-10937F4B1A0C}.Release|Any CPU.Build.0 = Release|Any CPU
	EndGlobalSection
	GlobalSection(SolutionProperties) = preSolution
		HideSolutionNode = FALSE
	EndGlobalSection
	GlobalSection(ExtensibilityGlobals) = postSolution
		SolutionGuid = {63909840-398E-4DDE-BD6A-7E1E096151AF}
	EndGlobalSection
EndGlobal
